// !$*UTF8*$!
{
	archiveVersion = 1;
	classes = {
	};
	objectVersion = 77;
	objects = {

/* Begin PBXBuildFile section */
		D6C86C783010477800E6B4E7 /* FriendHubMultiplayer.swift in Sources */ = {isa = PBXBuildFile; fileRef = D6C86C773010477800E6B4E7 /* FriendHubMultiplayer.swift */; };
		D6C86C7D3039F69300E6B4E7 /* FirebaseAI in Frameworks */ = {isa = PBXBuildFile; productRef = D6C86C7C3039F69300E6B4E7 /* FirebaseAI */; };
		D6C86C7F3039F69300E6B4E7 /* FirebaseAILogic in Frameworks */ = {isa = PBXBuildFile; productRef = D6C86C7E3039F69300E6B4E7 /* FirebaseAILogic */; };
		D6C86C813039F69300E6B4E7 /* FirebaseAnalytics in Frameworks */ = {isa = PBXBuildFile; productRef = D6C86C803039F69300E6B4E7 /* FirebaseAnalytics */; };
		D6C86C833039F69300E6B4E7 /* FirebaseAuth in Frameworks */ = {isa = PBXBuildFile; productRef = D6C86C823039F69300E6B4E7 /* FirebaseAuth */; };
		D6C86C853039F69300E6B4E7 /* FirebaseFirestore in Frameworks */ = {isa = PBXBuildFile; productRef = D6C86C843039F69300E6B4E7 /* FirebaseFirestore */; };
		D6C86C873039F69300E6B4E7 /* FirebaseMessaging in Frameworks */ = {isa = PBXBuildFile; productRef = D6C86C863039F69300E6B4E7 /* FirebaseMessaging */; };
		D6C86C8A3039F88300E6B4E7 /* FirebaseDatabase in Frameworks */ = {isa = PBXBuildFile; productRef = D6C86C893039F88300E6B4E7 /* FirebaseDatabase */; };
		D6C86D23303E649C00E6B4E7 /* GoogleSignIn in Frameworks */ = {isa = PBXBuildFile; productRef = D6C86D22303E649C00E6B4E7 /* GoogleSignIn */; };
/* End PBXBuildFile section */

/* Begin PBXContainerItemProxy section */
		D605AB542FDCBF4700E817C1 /* PBXContainerItemProxy */ = {
			isa = PBXContainerItemProxy;
			containerPortal = D605AB3E2FDCBF4600E817C1 /* Project object */;
			proxyType = 1;
			remoteGlobalIDString = D605AB452FDCBF4600E817C1;
			remoteInfo = Tasq;
		};
		D605AB5E2FDCBF4700E817C1 /* PBXContainerItemProxy */ = {
			isa = PBXContainerItemProxy;
			containerPortal = D605AB3E2FDCBF4600E817C1 /* Project object */;
			proxyType = 1;
			remoteGlobalIDString = D605AB452FDCBF4600E817C1;
			remoteInfo = Tasq;
		};
/* End PBXContainerItemProxy section */

/* Begin PBXFileReference section */
		D605AB462FDCBF4600E817C1 /* Tasq.app */ = {isa = PBXFileReference; explicitFileType = wrapper.application; includeInIndex = 0; path = Tasq.app; sourceTree = BUILT_PRODUCTS_DIR; };
		D605AB532FDCBF4700E817C1 /* TasqTests.xctest */ = {isa = PBXFileReference; explicitFileType = wrapper.cfbundle; includeInIndex = 0; path = TasqTests.xctest; sourceTree = BUILT_PRODUCTS_DIR; };
		D605AB5D2FDCBF4700E817C1 /* TasqUITests.xctest */ = {isa = PBXFileReference; explicitFileType = wrapper.cfbundle; includeInIndex = 0; path = TasqUITests.xctest; sourceTree = BUILT_PRODUCTS_DIR; };
		D6C86C773010477800E6B4E7 /* FriendHubMultiplayer.swift */ = {isa = PBXFileReference; lastKnownFileType = sourcecode.swift; path = FriendHubMultiplayer.swift; sourceTree = "<group>"; };
/* End PBXFileReference section */

/* Begin PBXFileSystemSynchronizedBuildFileExceptionSet section */
		D605AB752FDCC4FC00E817C1 /* Exceptions for "Tasq" folder in "Tasq" target */ = {
			isa = PBXFileSystemSynchronizedBuildFileExceptionSet;
			membershipExceptions = (
				Info.plist,
			);
			target = D605AB452FDCBF4600E817C1 /* Tasq */;
		};
/* End PBXFileSystemSynchronizedBuildFileExceptionSet section */

/* Begin PBXFileSystemSynchronizedRootGroup section */
		D605AB482FDCBF4600E817C1 /* Tasq */ = {
			isa = PBXFileSystemSynchronizedRootGroup;
			exceptions = (
				D605AB752FDCC4FC00E817C1 /* Exceptions for "Tasq" folder in "Tasq" target */,
			);
			path = Tasq;
			sourceTree = "<group>";
		};
		D605AB562FDCBF4700E817C1 /* TasqTests */ = {
			isa = PBXFileSystemSynchronizedRootGroup;
			path = TasqTests;
			sourceTree = "<group>";
		};
		D605AB602FDCBF4700E817C1 /* TasqUITests */ = {
			isa = PBXFileSystemSynchronizedRootGroup;
			path = TasqUITests;
			sourceTree = "<group>";
		};
/* End PBXFileSystemSynchronizedRootGroup section */

/* Begin PBXFrameworksBuildPhase section */
		D605AB432FDCBF4600E817C1 /* Frameworks */ = {
			isa = PBXFrameworksBuildPhase;
			buildActionMask = 2147483647;
			files = (
				D6C86C873039F69300E6B4E7 /* FirebaseMessaging in Frameworks */,
				D6C86D23303E649C00E6B4E7 /* GoogleSignIn in Frameworks */,
				D6C86C7F3039F69300E6B4E7 /* FirebaseAILogic in Frameworks */,
				D6C86C7D3039F69300E6B4E7 /* FirebaseAI in Frameworks */,
				D6C86C813039F69300E6B4E7 /* FirebaseAnalytics in Frameworks */,
				D6C86C853039F69300E6B4E7 /* FirebaseFirestore in Frameworks */,
				D6C86C8A3039F88300E6B4E7 /* FirebaseDatabase in Frameworks */,
				D6C86C833039F69300E6B4E7 /* FirebaseAuth in Frameworks */,
			);
			runOnlyForDeploymentPostprocessing = 0;
		};
		D605AB502FDCBF4700E817C1 /* Frameworks */ = {
			isa = PBXFrameworksBuildPhase;
			buildActionMask = 2147483647;
			files = (
			);
			runOnlyForDeploymentPostprocessing = 0;
		};
		D605AB5A2FDCBF4700E817C1 /* Frameworks */ = {
			isa = PBXFrameworksBuildPhase;
			buildActionMask = 2147483647;
			files = (
			);
			runOnlyForDeploymentPostprocessing = 0;
		};
/* End PBXFrameworksBuildPhase section */

/* Begin PBXGroup section */
		D605AB3D2FDCBF4600E817C1 = {
			isa = PBXGroup;
			children = (
				D605AB482FDCBF4600E817C1 /* Tasq */,
				D605AB562FDCBF4700E817C1 /* TasqTests */,
				D605AB602FDCBF4700E817C1 /* TasqUITests */,
				D605AB472FDCBF4600E817C1 /* Products */,
				D6C86C773010477800E6B4E7 /* FriendHubMultiplayer.swift */,
				D6C86C883039F88300E6B4E7 /* Frameworks */,
			);
			sourceTree = "<group>";
		};
		D605AB472FDCBF4600E817C1 /* Products */ = {
			isa = PBXGroup;
			children = (
				D605AB462FDCBF4600E817C1 /* Tasq.app */,
				D605AB532FDCBF4700E817C1 /* TasqTests.xctest */,
				D605AB5D2FDCBF4700E817C1 /* TasqUITests.xctest */,
			);
			name = Products;
			sourceTree = "<group>";
		};
		D6C86C883039F88300E6B4E7 /* Frameworks */ = {
			isa = PBXGroup;
			children = (
			);
			name = Frameworks;
			sourceTree = "<group>";
		};
/* End PBXGroup section */

/* Begin PBXNativeTarget section */
		D605AB452FDCBF4600E817C1 /* Tasq */ = {
			isa = PBXNativeTarget;
			buildConfigurationList = D605AB672FDCBF4700E817C1 /* Build configuration list for PBXNativeTarget "Tasq" */;
			buildPhases = (
				D605AB422FDCBF4600E817C1 /* Sources */,
				D605AB432FDCBF4600E817C1 /* Frameworks */,
				D605AB442FDCBF4600E817C1 /* Resources */,
			);
			buildRules = (
			);
			dependencies = (
			);
			fileSystemSynchronizedGroups = (
				D605AB482FDCBF4600E817C1 /* Tasq */,
			);
			name = Tasq;
			packageProductDependencies = (
				D6C86C7C3039F69300E6B4E7 /* FirebaseAI */,
				D6C86C7E3039F69300E6B4E7 /* FirebaseAILogic */,
				D6C86C803039F69300E6B4E7 /* FirebaseAnalytics */,
				D6C86C823039F69300E6B4E7 /* FirebaseAuth */,
				D6C86C843039F69300E6B4E7 /* FirebaseFirestore */,
				D6C86C863039F69300E6B4E7 /* FirebaseMessaging */,
				D6C86C893039F88300E6B4E7 /* FirebaseDatabase */,
				D6C86D22303E649C00E6B4E7 /* GoogleSignIn */,
			);
			productName = Tasq;
			productReference = D605AB462FDCBF4600E817C1 /* Tasq.app */;
			productType = "com.apple.product-type.application";
		};
		D605AB522FDCBF4700E817C1 /* TasqTests */ = {
			isa = PBXNativeTarget;
			buildConfigurationList = D605AB6A2FDCBF4700E817C1 /* Build configuration list for PBXNativeTarget "TasqTests" */;
			buildPhases = (
				D605AB4F2FDCBF4700E817C1 /* Sources */,
				D605AB502FDCBF4700E817C1 /* Frameworks */,
				D605AB512FDCBF4700E817C1 /* Resources */,
			);
			buildRules = (
			);
			dependencies = (
				D605AB552FDCBF4700E817C1 /* PBXTargetDependency */,
			);
			fileSystemSynchronizedGroups = (
				D605AB562FDCBF4700E817C1 /* TasqTests */,
			);
			name = TasqTests;
			packageProductDependencies = (
			);
			productName = TasqTests;
			productReference = D605AB532FDCBF4700E817C1 /* TasqTests.xctest */;
			productType = "com.apple.product-type.bundle.unit-test";
		};
		D605AB5C2FDCBF4700E817C1 /* TasqUITests */ = {
			isa = PBXNativeTarget;
			buildConfigurationList = D605AB6D2FDCBF4700E817C1 /* Build configuration list for PBXNativeTarget "TasqUITests" */;
			buildPhases = (
				D605AB592FDCBF4700E817C1 /* Sources */,
				D605AB5A2FDCBF4700E817C1 /* Frameworks */,
				D605AB5B2FDCBF4700E817C1 /* Resources */,
			);
			buildRules = (
			);
			dependencies = (
				D605AB5F2FDCBF4700E817C1 /* PBXTargetDependency */,
			);
			fileSystemSynchronizedGroups = (
				D605AB602FDCBF4700E817C1 /* TasqUITests */,
			);
			name = TasqUITests;
			packageProductDependencies = (
			);
			productName = TasqUITests;
			productReference = D605AB5D2FDCBF4700E817C1 /* TasqUITests.xctest */;
			productType = "com.apple.product-type.bundle.ui-testing";
		};
/* End PBXNativeTarget section */

/* Begin PBXProject section */
		D605AB3E2FDCBF4600E817C1 /* Project object */ = {
			isa = PBXProject;
			attributes = {
				BuildIndependentTargetsInParallel = 1;
				LastSwiftUpdateCheck = 2650;
				LastUpgradeCheck = 2650;
				TargetAttributes = {
					D605AB452FDCBF4600E817C1 = {
						CreatedOnToolsVersion = 26.5;
					};
					D605AB522FDCBF4700E817C1 = {
						CreatedOnToolsVersion = 26.5;
						TestTargetID = D605AB452FDCBF4600E817C1;
					};
					D605AB5C2FDCBF4700E817C1 = {
						CreatedOnToolsVersion = 26.5;
						TestTargetID = D605AB452FDCBF4600E817C1;
					};
				};
			};
			buildConfigurationList = D605AB412FDCBF4600E817C1 /* Build configuration list for PBXProject "Tasq" */;
			developmentRegion = en;
			hasScannedForEncodings = 0;
			knownRegions = (
				en,
				Base,
			);
			mainGroup = D605AB3D2FDCBF4600E817C1;
			minimizedProjectReferenceProxies = 1;
			packageReferences = (
				D6C86C7B3039F69300E6B4E7 /* XCRemoteSwiftPackageReference "firebase-ios-sdk" */,
				D6C86D21303E649C00E6B4E7 /* XCRemoteSwiftPackageReference "GoogleSignIn-iOS" */,
			);
			preferredProjectObjectVersion = 77;
			productRefGroup = D605AB472FDCBF4600E817C1 /* Products */;
			projectDirPath = "";
			projectRoot = "";
			targets = (
				D605AB452FDCBF4600E817C1 /* Tasq */,
				D605AB522FDCBF4700E817C1 /* TasqTests */,
				D605AB5C2FDCBF4700E817C1 /* TasqUITests */,
			);
		};
/* End PBXProject section */

/* Begin PBXResourcesBuildPhase section */
		D605AB442FDCBF4600E817C1 /* Resources */ = {
			isa = PBXResourcesBuildPhase;
			buildActionMask = 2147483647;
			files = (
			);
			runOnlyForDeploymentPostprocessing = 0;
		};
		D605AB512FDCBF4700E817C1 /* Resources */ = {
			isa = PBXResourcesBuildPhase;
			buildActionMask = 2147483647;
			files = (
			);
			runOnlyForDeploymentPostprocessing = 0;
		};
		D605AB5B2FDCBF4700E817C1 /* Resources */ = {
			isa = PBXResourcesBuildPhase;
			buildActionMask = 2147483647;
			files = (
			);
			runOnlyForDeploymentPostprocessing = 0;
		};
/* End PBXResourcesBuildPhase section */

/* Begin PBXSourcesBuildPhase section */
		D605AB422FDCBF4600E817C1 /* Sources */ = {
			isa = PBXSourcesBuildPhase;
			buildActionMask = 2147483647;
			files = (
				D6C86C783010477800E6B4E7 /* FriendHubMultiplayer.swift in Sources */,
			);
			runOnlyForDeploymentPostprocessing = 0;
		};
		D605AB4F2FDCBF4700E817C1 /* Sources */ = {
			isa = PBXSourcesBuildPhase;
			buildActionMask = 2147483647;
			files = (
			);
			runOnlyForDeploymentPostprocessing = 0;
		};
		D605AB592FDCBF4700E817C1 /* Sources */ = {
			isa = PBXSourcesBuildPhase;
			buildActionMask = 2147483647;
			files = (
			);
			runOnlyForDeploymentPostprocessing = 0;
		};
/* End PBXSourcesBuildPhase section */

/* Begin PBXTargetDependency section */
		D605AB552FDCBF4700E817C1 /* PBXTargetDependency */ = {
			isa = PBXTargetDependency;
			target = D605AB452FDCBF4600E817C1 /* Tasq */;
			targetProxy = D605AB542FDCBF4700E817C1 /* PBXContainerItemProxy */;
		};
		D605AB5F2FDCBF4700E817C1 /* PBXTargetDependency */ = {
			isa = PBXTargetDependency;
			target = D605AB452FDCBF4600E817C1 /* Tasq */;
			targetProxy = D605AB5E2FDCBF4700E817C1 /* PBXContainerItemProxy */;
		};
/* End PBXTargetDependency section */

/* Begin XCBuildConfiguration section */
		D605AB652FDCBF4700E817C1 /* Debug */ = {
			isa = XCBuildConfiguration;
			buildSettings = {
				ALWAYS_SEARCH_USER_PATHS = NO;
				ASSETCATALOG_COMPILER_GENERATE_SWIFT_ASSET_SYMBOL_EXTENSIONS = YES;
				CLANG_ANALYZER_NONNULL = YES;
				CLANG_ANALYZER_NUMBER_OBJECT_CONVERSION = YES_AGGRESSIVE;
				CLANG_CXX_LANGUAGE_STANDARD = "gnu++20";
				CLANG_ENABLE_MODULES = YES;
				CLANG_ENABLE_OBJC_ARC = YES;
				CLANG_ENABLE_OBJC_WEAK = YES;
				CLANG_WARN_BLOCK_CAPTURE_AUTORELEASING = YES;
				CLANG_WARN_BOOL_CONVERSION = YES;
				CLANG_WARN_COMMA = YES;
				CLANG_WARN_CONSTANT_CONVERSION = YES;
				CLANG_WARN_DEPRECATED_OBJC_IMPLEMENTATIONS = YES;
				CLANG_WARN_DIRECT_OBJC_ISA_USAGE = YES_ERROR;
				CLANG_WARN_DOCUMENTATION_COMMENTS = YES;
				CLANG_WARN_EMPTY_BODY = YES;
				CLANG_WARN_ENUM_CONVERSION = YES;
				CLANG_WARN_INFINITE_RECURSION = YES;
				CLANG_WARN_INT_CONVERSION = YES;
				CLANG_WARN_NON_LITERAL_NULL_CONVERSION = YES;
				CLANG_WARN_OBJC_IMPLICIT_RETAIN_SELF = YES;
				CLANG_WARN_OBJC_LITERAL_CONVERSION = YES;
				CLANG_WARN_OBJC_ROOT_CLASS = YES_ERROR;
				CLANG_WARN_QUOTED_INCLUDE_IN_FRAMEWORK_HEADER = YES;
				CLANG_WARN_RANGE_LOOP_ANALYSIS = YES;
				CLANG_WARN_STRICT_PROTOTYPES = YES;
				CLANG_WARN_SUSPICIOUS_MOVE = YES;
				CLANG_WARN_UNGUARDED_AVAILABILITY = YES_AGGRESSIVE;
				CLANG_WARN_UNREACHABLE_CODE = YES;
				CLANG_WARN__DUPLICATE_METHOD_MATCH = YES;
				COPY_PHASE_STRIP = NO;
				DEBUG_INFORMATION_FORMAT = dwarf;
				ENABLE_STRICT_OBJC_MSGSEND = YES;
				ENABLE_TESTABILITY = YES;
				ENABLE_USER_SCRIPT_SANDBOXING = YES;
				GCC_C_LANGUAGE_STANDARD = gnu17;
				GCC_DYNAMIC_NO_PIC = NO;
				GCC_NO_COMMON_BLOCKS = YES;
				GCC_OPTIMIZATION_LEVEL = 0;
				GCC_PREPROCESSOR_DEFINITIONS = (
					"DEBUG=1",
					"$(inherited)",
				);
				GCC_WARN_64_TO_32_BIT_CONVERSION = YES;
				GCC_WARN_ABOUT_RETURN_TYPE = YES_ERROR;
				GCC_WARN_UNDECLARED_SELECTOR = YES;
				GCC_WARN_UNINITIALIZED_AUTOS = YES_AGGRESSIVE;
				GCC_WARN_UNUSED_FUNCTION = YES;
				GCC_WARN_UNUSED_VARIABLE = YES;
				LOCALIZATION_PREFERS_STRING_CATALOGS = YES;
				MTL_ENABLE_DEBUG_INFO = INCLUDE_SOURCE;
				MTL_FAST_MATH = YES;
				ONLY_ACTIVE_ARCH = YES;
				SWIFT_ACTIVE_COMPILATION_CONDITIONS = "DEBUG $(inherited)";
				SWIFT_OPTIMIZATION_LEVEL = "-Onone";
			};
			name = Debug;
		};
		D605AB662FDCBF4700E817C1 /* Release */ = {
			isa = XCBuildConfiguration;
			buildSettings = {
				ALWAYS_SEARCH_USER_PATHS = NO;
				ASSETCATALOG_COMPILER_GENERATE_SWIFT_ASSET_SYMBOL_EXTENSIONS = YES;
				CLANG_ANALYZER_NONNULL = YES;
				CLANG_ANALYZER_NUMBER_OBJECT_CONVERSION = YES_AGGRESSIVE;
				CLANG_CXX_LANGUAGE_STANDARD = "gnu++20";
				CLANG_ENABLE_MODULES = YES;
				CLANG_ENABLE_OBJC_ARC = YES;
				CLANG_ENABLE_OBJC_WEAK = YES;
				CLANG_WARN_BLOCK_CAPTURE_AUTORELEASING = YES;
				CLANG_WARN_BOOL_CONVERSION = YES;
				CLANG_WARN_COMMA = YES;
				CLANG_WARN_CONSTANT_CONVERSION = YES;
				CLANG_WARN_DEPRECATED_OBJC_IMPLEMENTATIONS = YES;
				CLANG_WARN_DIRECT_OBJC_ISA_USAGE = YES_ERROR;
				CLANG_WARN_DOCUMENTATION_COMMENTS = YES;
				CLANG_WARN_EMPTY_BODY = YES;
				CLANG_WARN_ENUM_CONVERSION = YES;
				CLANG_WARN_INFINITE_RECURSION = YES;
				CLANG_WARN_INT_CONVERSION = YES;
				CLANG_WARN_NON_LITERAL_NULL_CONVERSION = YES;
				CLANG_WARN_OBJC_IMPLICIT_RETAIN_SELF = YES;
				CLANG_WARN_OBJC_LITERAL_CONVERSION = YES;
				CLANG_WARN_OBJC_ROOT_CLASS = YES_ERROR;
				CLANG_WARN_QUOTED_INCLUDE_IN_FRAMEWORK_HEADER = YES;
				CLANG_WARN_RANGE_LOOP_ANALYSIS = YES;
				CLANG_WARN_STRICT_PROTOTYPES = YES;
				CLANG_WARN_SUSPICIOUS_MOVE = YES;
				CLANG_WARN_UNGUARDED_AVAILABILITY = YES_AGGRESSIVE;
				CLANG_WARN_UNREACHABLE_CODE = YES;
				CLANG_WARN__DUPLICATE_METHOD_MATCH = YES;
				COPY_PHASE_STRIP = NO;
				DEBUG_INFORMATION_FORMAT = "dwarf-with-dsym";
				ENABLE_NS_ASSERTIONS = NO;
				ENABLE_STRICT_OBJC_MSGSEND = YES;
				ENABLE_USER_SCRIPT_SANDBOXING = YES;
				GCC_C_LANGUAGE_STANDARD = gnu17;
				GCC_NO_COMMON_BLOCKS = YES;
				GCC_WARN_64_TO_32_BIT_CONVERSION = YES;
				GCC_WARN_ABOUT_RETURN_TYPE = YES_ERROR;
				GCC_WARN_UNDECLARED_SELECTOR = YES;
				GCC_WARN_UNINITIALIZED_AUTOS = YES_AGGRESSIVE;
				GCC_WARN_UNUSED_FUNCTION = YES;
				GCC_WARN_UNUSED_VARIABLE = YES;
				LOCALIZATION_PREFERS_STRING_CATALOGS = YES;
				MTL_ENABLE_DEBUG_INFO = NO;
				MTL_FAST_MATH = YES;
				SWIFT_COMPILATION_MODE = wholemodule;
			};
			name = Release;
		};
		D605AB682FDCBF4700E817C1 /* Debug */ = {
			isa = XCBuildConfiguration;
			buildSettings = {
				ASSETCATALOG_COMPILER_APPICON_NAME = AppIcon;
				ASSETCATALOG_COMPILER_GLOBAL_ACCENT_COLOR_NAME = AccentColor;
				CODE_SIGN_ENTITLEMENTS = Tasq/Tasq.entitlements;
				CODE_SIGN_IDENTITY = "Apple Development";
				CODE_SIGN_STYLE = Automatic;
				CURRENT_PROJECT_VERSION = 1;
				DEVELOPMENT_TEAM = A49BCR8Y57;
				ENABLE_APP_SANDBOX = YES;
				ENABLE_PREVIEWS = YES;
				ENABLE_USER_SELECTED_FILES = readonly;
				GENERATE_INFOPLIST_FILE = YES;
				INFOPLIST_FILE = Tasq/Info.plist;
				"INFOPLIST_KEY_UIApplicationSceneManifest_Generation[sdk=iphoneos*]" = YES;
				"INFOPLIST_KEY_UIApplicationSceneManifest_Generation[sdk=iphonesimulator*]" = YES;
				"INFOPLIST_KEY_UIApplicationSupportsIndirectInputEvents[sdk=iphoneos*]" = YES;
				"INFOPLIST_KEY_UIApplicationSupportsIndirectInputEvents[sdk=iphonesimulator*]" = YES;
				"INFOPLIST_KEY_UILaunchScreen_Generation[sdk=iphoneos*]" = YES;
				"INFOPLIST_KEY_UILaunchScreen_Generation[sdk=iphonesimulator*]" = YES;
				"INFOPLIST_KEY_UIStatusBarStyle[sdk=iphoneos*]" = UIStatusBarStyleDefault;
				"INFOPLIST_KEY_UIStatusBarStyle[sdk=iphonesimulator*]" = UIStatusBarStyleDefault;
				INFOPLIST_KEY_UISupportedInterfaceOrientations_iPad = "UIInterfaceOrientationPortrait UIInterfaceOrientationPortraitUpsideDown UIInterfaceOrientationLandscapeLeft UIInterfaceOrientationLandscapeRight";
				INFOPLIST_KEY_UISupportedInterfaceOrientations_iPhone = "UIInterfaceOrientationPortrait UIInterfaceOrientationLandscapeLeft UIInterfaceOrientationLandscapeRight";
				IPHONEOS_DEPLOYMENT_TARGET = 26.5;
				LD_RUNPATH_SEARCH_PATHS = "@executable_path/Frameworks";
				"LD_RUNPATH_SEARCH_PATHS[sdk=macosx*]" = "@executable_path/../Frameworks";
				MACOSX_DEPLOYMENT_TARGET = 26.5;
				MARKETING_VERSION = 1.1;
				PRODUCT_BUNDLE_IDENTIFIER = com.PushyDoof.Chartflow;
				PRODUCT_NAME = "$(TARGET_NAME)";
				PROVISIONING_PROFILE_SPECIFIER = "";
				REGISTER_APP_GROUPS = YES;
				SDKROOT = auto;
				STRING_CATALOG_GENERATE_SYMBOLS = YES;
				SUPPORTED_PLATFORMS = "iphoneos iphonesimulator";
				SUPPORTS_MACCATALYST = NO;
				SWIFT_APPROACHABLE_CONCURRENCY = YES;
				SWIFT_DEFAULT_ACTOR_ISOLATION = MainActor;
				SWIFT_EMIT_LOC_STRINGS = YES;
				SWIFT_UPCOMING_FEATURE_MEMBER_IMPORT_VISIBILITY = YES;
				SWIFT_VERSION = 5.0;
				TARGETED_DEVICE_FAMILY = "1,2";
				XROS_DEPLOYMENT_TARGET = 26.5;
			};
			name = Debug;
		};
		D605AB692FDCBF4700E817C1 /* Release */ = {
			isa = XCBuildConfiguration;
			buildSettings = {
				ASSETCATALOG_COMPILER_APPICON_NAME = AppIcon;
				ASSETCATALOG_COMPILER_GLOBAL_ACCENT_COLOR_NAME = AccentColor;
				CODE_SIGN_ENTITLEMENTS = Tasq/Tasq.entitlements;
				CODE_SIGN_IDENTITY = "Apple Development";
				CODE_SIGN_STYLE = Automatic;
				CURRENT_PROJECT_VERSION = 1;
				DEVELOPMENT_TEAM = A49BCR8Y57;
				ENABLE_APP_SANDBOX = YES;
				ENABLE_PREVIEWS = YES;
				ENABLE_USER_SELECTED_FILES = readonly;
				GENERATE_INFOPLIST_FILE = YES;
				INFOPLIST_FILE = Tasq/Info.plist;
				"INFOPLIST_KEY_UIApplicationSceneManifest_Generation[sdk=iphoneos*]" = YES;
				"INFOPLIST_KEY_UIApplicationSceneManifest_Generation[sdk=iphonesimulator*]" = YES;
				"INFOPLIST_KEY_UIApplicationSupportsIndirectInputEvents[sdk=iphoneos*]" = YES;
				"INFOPLIST_KEY_UIApplicationSupportsIndirectInputEvents[sdk=iphonesimulator*]" = YES;
				"INFOPLIST_KEY_UILaunchScreen_Generation[sdk=iphoneos*]" = YES;
				"INFOPLIST_KEY_UILaunchScreen_Generation[sdk=iphonesimulator*]" = YES;
				"INFOPLIST_KEY_UIStatusBarStyle[sdk=iphoneos*]" = UIStatusBarStyleDefault;
				"INFOPLIST_KEY_UIStatusBarStyle[sdk=iphonesimulator*]" = UIStatusBarStyleDefault;
				INFOPLIST_KEY_UISupportedInterfaceOrientations_iPad = "UIInterfaceOrientationPortrait UIInterfaceOrientationPortraitUpsideDown UIInterfaceOrientationLandscapeLeft UIInterfaceOrientationLandscapeRight";
				INFOPLIST_KEY_UISupportedInterfaceOrientations_iPhone = "UIInterfaceOrientationPortrait UIInterfaceOrientationLandscapeLeft UIInterfaceOrientationLandscapeRight";
				IPHONEOS_DEPLOYMENT_TARGET = 26.5;
				LD_RUNPATH_SEARCH_PATHS = "@executable_path/Frameworks";
				"LD_RUNPATH_SEARCH_PATHS[sdk=macosx*]" = "@executable_path/../Frameworks";
				MACOSX_DEPLOYMENT_TARGET = 26.5;
				MARKETING_VERSION = 1.1;
				PRODUCT_BUNDLE_IDENTIFIER = com.PushyDoof.Chartflow;
				PRODUCT_NAME = "$(TARGET_NAME)";
				PROVISIONING_PROFILE_SPECIFIER = "";
				REGISTER_APP_GROUPS = YES;
				SDKROOT = auto;
				STRING_CATALOG_GENERATE_SYMBOLS = YES;
				SUPPORTED_PLATFORMS = "iphoneos iphonesimulator";
				SUPPORTS_MACCATALYST = NO;
				SWIFT_APPROACHABLE_CONCURRENCY = YES;
				SWIFT_DEFAULT_ACTOR_ISOLATION = MainActor;
				SWIFT_EMIT_LOC_STRINGS = YES;
				SWIFT_UPCOMING_FEATURE_MEMBER_IMPORT_VISIBILITY = YES;
				SWIFT_VERSION = 5.0;
				TARGETED_DEVICE_FAMILY = "1,2";
				XROS_DEPLOYMENT_TARGET = 26.5;
			};
			name = Release;
		};
		D605AB6B2FDCBF4700E817C1 /* Debug */ = {
			isa = XCBuildConfiguration;
			buildSettings = {
				BUNDLE_LOADER = "$(TEST_HOST)";
				CODE_SIGN_STYLE = Automatic;
				CURRENT_PROJECT_VERSION = 1;
				GENERATE_INFOPLIST_FILE = YES;
				IPHONEOS_DEPLOYMENT_TARGET = 26.5;
				MACOSX_DEPLOYMENT_TARGET = 26.5;
				MARKETING_VERSION = 1.0;
				PRODUCT_BUNDLE_IDENTIFIER = com.PushyaDutt.TasqTests;
				PRODUCT_NAME = "$(TARGET_NAME)";
				SDKROOT = auto;
				STRING_CATALOG_GENERATE_SYMBOLS = NO;
				SUPPORTED_PLATFORMS = "iphoneos iphonesimulator macosx xros xrsimulator";
				SWIFT_APPROACHABLE_CONCURRENCY = YES;
				SWIFT_EMIT_LOC_STRINGS = NO;
				SWIFT_UPCOMING_FEATURE_MEMBER_IMPORT_VISIBILITY = YES;
				SWIFT_VERSION = 5.0;
				TARGETED_DEVICE_FAMILY = "1,2,7";
				TEST_HOST = "$(BUILT_PRODUCTS_DIR)/Tasq.app/$(BUNDLE_EXECUTABLE_FOLDER_PATH)/Tasq";
				XROS_DEPLOYMENT_TARGET = 26.5;
			};
			name = Debug;
		};
		D605AB6C2FDCBF4700E817C1 /* Release */ = {
			isa = XCBuildConfiguration;
			buildSettings = {
				BUNDLE_LOADER = "$(TEST_HOST)";
				CODE_SIGN_STYLE = Automatic;
				CURRENT_PROJECT_VERSION = 1;
				GENERATE_INFOPLIST_FILE = YES;
				IPHONEOS_DEPLOYMENT_TARGET = 26.5;
				MACOSX_DEPLOYMENT_TARGET = 26.5;
				MARKETING_VERSION = 1.0;
				PRODUCT_BUNDLE_IDENTIFIER = com.PushyaDutt.TasqTests;
				PRODUCT_NAME = "$(TARGET_NAME)";
				SDKROOT = auto;
				STRING_CATALOG_GENERATE_SYMBOLS = NO;
				SUPPORTED_PLATFORMS = "iphoneos iphonesimulator macosx xros xrsimulator";
				SWIFT_APPROACHABLE_CONCURRENCY = YES;
				SWIFT_EMIT_LOC_STRINGS = NO;
				SWIFT_UPCOMING_FEATURE_MEMBER_IMPORT_VISIBILITY = YES;
				SWIFT_VERSION = 5.0;
				TARGETED_DEVICE_FAMILY = "1,2,7";
				TEST_HOST = "$(BUILT_PRODUCTS_DIR)/Tasq.app/$(BUNDLE_EXECUTABLE_FOLDER_PATH)/Tasq";
				XROS_DEPLOYMENT_TARGET = 26.5;
			};
			name = Release;
		};
		D605AB6E2FDCBF4700E817C1 /* Debug */ = {
			isa = XCBuildConfiguration;
			buildSettings = {
				CODE_SIGN_STYLE = Automatic;
				CURRENT_PROJECT_VERSION = 1;
				GENERATE_INFOPLIST_FILE = YES;
				IPHONEOS_DEPLOYMENT_TARGET = 26.5;
				MACOSX_DEPLOYMENT_TARGET = 26.5;
				MARKETING_VERSION = 1.0;
				PRODUCT_BUNDLE_IDENTIFIER = com.PushyaDutt.TasqUITests;
				PRODUCT_NAME = "$(TARGET_NAME)";
				SDKROOT = auto;
				STRING_CATALOG_GENERATE_SYMBOLS = NO;
				SUPPORTED_PLATFORMS = "iphoneos iphonesimulator macosx xros xrsimulator";
				SWIFT_APPROACHABLE_CONCURRENCY = YES;
				SWIFT_EMIT_LOC_STRINGS = NO;
				SWIFT_UPCOMING_FEATURE_MEMBER_IMPORT_VISIBILITY = YES;
				SWIFT_VERSION = 5.0;
				TARGETED_DEVICE_FAMILY = "1,2,7";
				TEST_TARGET_NAME = Tasq;
				XROS_DEPLOYMENT_TARGET = 26.5;
			};
			name = Debug;
		};
		D605AB6F2FDCBF4700E817C1 /* Release */ = {
			isa = XCBuildConfiguration;
			buildSettings = {
				CODE_SIGN_STYLE = Automatic;
				CURRENT_PROJECT_VERSION = 1;
				GENERATE_INFOPLIST_FILE = YES;
				IPHONEOS_DEPLOYMENT_TARGET = 26.5;
				MACOSX_DEPLOYMENT_TARGET = 26.5;
				MARKETING_VERSION = 1.0;
				PRODUCT_BUNDLE_IDENTIFIER = com.PushyaDutt.TasqUITests;
				PRODUCT_NAME = "$(TARGET_NAME)";
				SDKROOT = auto;
				STRING_CATALOG_GENERATE_SYMBOLS = NO;
				SUPPORTED_PLATFORMS = "iphoneos iphonesimulator macosx xros xrsimulator";
				SWIFT_APPROACHABLE_CONCURRENCY = YES;
				SWIFT_EMIT_LOC_STRINGS = NO;
				SWIFT_UPCOMING_FEATURE_MEMBER_IMPORT_VISIBILITY = YES;
				SWIFT_VERSION = 5.0;
				TARGETED_DEVICE_FAMILY = "1,2,7";
				TEST_TARGET_NAME = Tasq;
				XROS_DEPLOYMENT_TARGET = 26.5;
			};
			name = Release;
		};
/* End XCBuildConfiguration section */

/* Begin XCConfigurationList section */
		D605AB412FDCBF4600E817C1 /* Build configuration list for PBXProject "Tasq" */ = {
			isa = XCConfigurationList;
			buildConfigurations = (
				D605AB652FDCBF4700E817C1 /* Debug */,
				D605AB662FDCBF4700E817C1 /* Release */,
			);
			defaultConfigurationIsVisible = 0;
			defaultConfigurationName = Release;
		};
		D605AB672FDCBF4700E817C1 /* Build configuration list for PBXNativeTarget "Tasq" */ = {
			isa = XCConfigurationList;
			buildConfigurations = (
				D605AB682FDCBF4700E817C1 /* Debug */,
				D605AB692FDCBF4700E817C1 /* Release */,
			);
			defaultConfigurationIsVisible = 0;
			defaultConfigurationName = Release;
		};
		D605AB6A2FDCBF4700E817C1 /* Build configuration list for PBXNativeTarget "TasqTests" */ = {
			isa = XCConfigurationList;
			buildConfigurations = (
				D605AB6B2FDCBF4700E817C1 /* Debug */,
				D605AB6C2FDCBF4700E817C1 /* Release */,
			);
			defaultConfigurationIsVisible = 0;
			defaultConfigurationName = Release;
		};
		D605AB6D2FDCBF4700E817C1 /* Build configuration list for PBXNativeTarget "TasqUITests" */ = {
			isa = XCConfigurationList;
			buildConfigurations = (
				D605AB6E2FDCBF4700E817C1 /* Debug */,
				D605AB6F2FDCBF4700E817C1 /* Release */,
			);
			defaultConfigurationIsVisible = 0;
			defaultConfigurationName = Release;
		};
/* End XCConfigurationList section */

/* Begin XCRemoteSwiftPackageReference section */
		D6C86C7B3039F69300E6B4E7 /* XCRemoteSwiftPackageReference "firebase-ios-sdk" */ = {
			isa = XCRemoteSwiftPackageReference;
			repositoryURL = "https://github.com/firebase/firebase-ios-sdk";
			requirement = {
				kind = upToNextMajorVersion;
				minimumVersion = 12.18.0;
			};
		};
		D6C86D21303E649C00E6B4E7 /* XCRemoteSwiftPackageReference "GoogleSignIn-iOS" */ = {
			isa = XCRemoteSwiftPackageReference;
			repositoryURL = "https://github.com/google/GoogleSignIn-iOS";
			requirement = {
				kind = upToNextMajorVersion;
				minimumVersion = 9.2.0;
			};
		};
/* End XCRemoteSwiftPackageReference section */

/* Begin XCSwiftPackageProductDependency section */
		D6C86C7C3039F69300E6B4E7 /* FirebaseAI */ = {
			isa = XCSwiftPackageProductDependency;
			package = D6C86C7B3039F69300E6B4E7 /* XCRemoteSwiftPackageReference "firebase-ios-sdk" */;
			productName = FirebaseAI;
		};
		D6C86C7E3039F69300E6B4E7 /* FirebaseAILogic */ = {
			isa = XCSwiftPackageProductDependency;
			package = D6C86C7B3039F69300E6B4E7 /* XCRemoteSwiftPackageReference "firebase-ios-sdk" */;
			productName = FirebaseAILogic;
		};
		D6C86C803039F69300E6B4E7 /* FirebaseAnalytics */ = {
			isa = XCSwiftPackageProductDependency;
			package = D6C86C7B3039F69300E6B4E7 /* XCRemoteSwiftPackageReference "firebase-ios-sdk" */;
			productName = FirebaseAnalytics;
		};
		D6C86C823039F69300E6B4E7 /* FirebaseAuth */ = {
			isa = XCSwiftPackageProductDependency;
			package = D6C86C7B3039F69300E6B4E7 /* XCRemoteSwiftPackageReference "firebase-ios-sdk" */;
			productName = FirebaseAuth;
		};
		D6C86C843039F69300E6B4E7 /* FirebaseFirestore */ = {
			isa = XCSwiftPackageProductDependency;
			package = D6C86C7B3039F69300E6B4E7 /* XCRemoteSwiftPackageReference "firebase-ios-sdk" */;
			productName = FirebaseFirestore;
		};
		D6C86C863039F69300E6B4E7 /* FirebaseMessaging */ = {
			isa = XCSwiftPackageProductDependency;
			package = D6C86C7B3039F69300E6B4E7 /* XCRemoteSwiftPackageReference "firebase-ios-sdk" */;
			productName = FirebaseMessaging;
		};
		D6C86C893039F88300E6B4E7 /* FirebaseDatabase */ = {
			isa = XCSwiftPackageProductDependency;
			package = D6C86C7B3039F69300E6B4E7 /* XCRemoteSwiftPackageReference "firebase-ios-sdk" */;
			productName = FirebaseDatabase;
		};
		D6C86D22303E649C00E6B4E7 /* GoogleSignIn */ = {
			isa = XCSwiftPackageProductDependency;
			package = D6C86D21303E649C00E6B4E7 /* XCRemoteSwiftPackageReference "GoogleSignIn-iOS" */;
			productName = GoogleSignIn;
		};
/* End XCSwiftPackageProductDependency section */
	};
	rootObject = D605AB3E2FDCBF4600E817C1 /* Project object */;
}
